# This file is automatically @generated by Cargo.
# It is not intended for manual editing.
version = 4

[[package]]
name = "aarch64_qemu_harness"
version = "0.1.0"
dependencies = [
 "kernel_types",
 "runux_aarch64",
]

[[package]]
name = "af_inet"
version = "10.7.0"
dependencies = [
 "kernel_types",
 "libc",
]

[[package]]
name = "af_inet6"
version = "10.7.0"
dependencies = [
 "kernel_types",
 "libc",
]

[[package]]
name = "ai_bridge"
version = "0.1.0"
dependencies = [
 "ai_runtime",
 "rvv_simd",
]

[[package]]
name = "ai_detector"
version = "0.1.0"
dependencies = [
 "ai_bridge",
 "ai_runtime",
 "ebpf_firewall",
 "immutable_logs",
 "kernel_types",
 "rvv_simd",
]

[[package]]
name = "ai_runtime"
version = "0.1.0"

[[package]]
name = "anon_inodes"
version = "0.4.0"
dependencies = [
 "kernel_types",
 "libc",
]

[[package]]
name = "anycast"
version = "10.7.0"
dependencies = [
 "kernel_types",
 "libc",
]

[[package]]
name = "arch_apic"
version = "0.4.0"
dependencies = [
 "kernel_types",
 "libc",
]

[[package]]
name = "arch_boot_compressed"
version = "0.4.0"
dependencies = [
 "kernel_types",
 "libc",
]

[[package]]
name = "arch_boot_header"
version = "0.4.0"
dependencies = [
 "kernel_types",
 "libc",
]

[[package]]
name = "arch_cpu"
version = "0.4.0"
dependencies = [
 "kernel_types",
 "libc",
]

[[package]]
name = "arch_entry"
version = "0.4.0"
dependencies = [
 "kernel_types",
 "libc",
]

[[package]]
name = "arch_fault"
version = "0.4.0"
dependencies = [
 "kernel_types",
 "libc",
]

[[package]]
name = "arch_ioremap"
version = "0.4.0"
dependencies = [
 "kernel_types",
 "libc",
]

[[package]]
name = "arch_irq"
version = "0.4.0"
dependencies = [
 "kernel_types",
 "libc",
]

[[package]]
name = "arch_pgtable"
version = "0.4.0"
dependencies = [
 "kernel_types",
 "page_table",
]

[[package]]
name = "arch_process"
version = "0.4.0"
dependencies = [
 "kernel_types",
 "libc",
]

[[package]]
name = "arch_setup"
version = "0.4.0"
dependencies = [
 "kernel_types",
 "libc",
]

[[package]]
name = "arch_signal"
version = "0.4.0"
dependencies = [
 "kernel_types",
 "libc",
]

[[package]]
name = "arch_syscall"
version = "0.4.0"
dependencies = [
 "kernel_types",
 "libc",
 "syscall_table",
]

[[package]]
name = "arch_tlb"
version = "0.4.0"
dependencies = [
 "kernel_types",
 "page_table",
]

[[package]]
name = "arch_traps"
version = "0.4.0"
dependencies = [
 "kernel_types",
 "libc",
]

[[package]]
name = "arp"
version = "10.7.0"
dependencies = [
 "kernel_types",
 "libc",
]

[[package]]
name = "binfmt_elf"
version = "0.4.0"
dependencies = [
 "kernel_types",
 "libc",
]

[[package]]
name = "bitmap"
version = "0.4.0"
dependencies = [
 "kernel_types",
 "libc",
]

[[package]]
name = "block_dev"
version = "0.4.0"
dependencies = [
 "kernel_types",
 "libc",
]

[[package]]
name = "bpf_tcp_ca"
version = "10.7.0"
dependencies = [
 "kernel_types",
 "libc",
]

[[package]]
name = "buffer"
version = "0.4.0"
dependencies = [
 "kernel_types",
]

[[package]]
name = "builtin"
version = "0.1.0"

[[package]]
name = "builtin_macros"
version = "0.1.0"

[[package]]
name = "calipso"
version = "10.7.0"
dependencies = [
 "kernel_types",
 "libc",
]

[[package]]
name = "capability"
version = "0.4.0"
dependencies = [
 "kernel_types",
 "libc",
]

[[package]]
name = "cgroup"
version = "0.4.0"
dependencies = [
 "kernel_types",
 "libc",
]

[[package]]
name = "char_dev"
version = "0.4.0"
dependencies = [
 "kernel_types",
 "libc",
]

[[package]]
name = "cipso_ipv4"
version = "10.7.0"
dependencies = [
 "kernel_types",
 "libc",
]

[[package]]
name = "cmdline"
version = "0.4.0"
dependencies = [
 "kernel_types",
 "libc",
]

[[package]]
name = "compaction"
version = "0.4.0"
dependencies = [
 "kernel_types",
 "libc",
]

[[package]]
name = "core"
version = "10.7.0"
dependencies = [
 "kernel_types",
 "libc",
]

[[package]]
name = "cpuset"
version = "0.4.0"
dependencies = [
 "kernel_types",
 "libc",
]

[[package]]
name = "crc32"
version = "0.4.0"
dependencies = [
 "kernel_types",
 "libc",
]

[[package]]
name = "ctype"
version = "0.4.0"
dependencies = [
 "kernel_types",
 "libc",
]

[[package]]
name = "datagram"
version = "10.7.0"
dependencies = [
 "kernel_types",
 "libc",
]

[[package]]
name = "devinet"
version = "10.7.0"
dependencies = [
 "kernel_types",
 "libc",
]

[[package]]
name = "devtmpfs"
version = "0.4.0"
dependencies = [
 "kernel_types",
 "libc",
]

[[package]]
name = "driver_base_bus"
version = "0.4.0"
dependencies = [
 "kernel_types",
 "libc",
]

[[package]]
name = "driver_base_class"
version = "0.4.0"
dependencies = [
 "kernel_types",
 "libc",
]

[[package]]
name = "driver_base_core"
version = "0.4.0"
dependencies = [
 "kernel_types",
 "libc",
]

[[package]]
name = "driver_base_driver"
version = "0.4.0"
dependencies = [
 "kernel_types",
 "libc",
]

[[package]]
name = "driver_base_platform"
version = "0.4.0"
dependencies = [
 "kernel_types",
 "libc",
]

[[package]]
name = "driver_block_core"
version = "0.4.0"
dependencies = [
 "kernel_types",
 "libc",
]

[[package]]
name = "driver_block_genhd"
version = "0.4.0"
dependencies = [
 "kernel_types",
 "libc",
]

[[package]]
name = "driver_block_partition"
version = "0.4.0"
dependencies = [
 "kernel_types",
 "libc",
]

[[package]]
name = "driver_char_mem"
version = "0.4.0"
dependencies = [
 "kernel_types",
 "libc",
]

[[package]]
name = "driver_char_random"
version = "0.4.0"
dependencies = [
 "kernel_types",
 "libc",
]

[[package]]
name = "driver_idpf"
version = "10.7.0"

[[package]]
name = "driver_nvme"
version = "10.7.0"

[[package]]
name = "driver_pci_access"
version = "0.4.0"
dependencies = [
 "driver_pci_core",
 "kernel_types",
]

[[package]]
name = "driver_pci_core"
version = "0.4.0"
dependencies = [
 "kernel_types",
]

[[package]]
name = "driver_pci_probe"
version = "0.4.0"
dependencies = [
 "driver_pci_access",
 "driver_pci_core",
 "kernel_types",
]

[[package]]
name = "driver_tty_console"
version = "0.4.0"
dependencies = [
 "kernel_types",
 "libc",
]

[[package]]
name = "driver_tty_core"
version = "0.4.0"
dependencies = [
 "kernel_types",
 "libc",
]

[[package]]
name = "driver_tty_vt"
version = "0.4.0"
dependencies = [
 "kernel_types",
 "libc",
]

[[package]]
name = "drm_core"
version = "10.7.0"
dependencies = [
 "gpu_types",
]

[[package]]
name = "ebpf_firewall"
version = "0.1.0"
dependencies = [
 "ai_bridge",
 "kernel_types",
]

[[package]]
name = "edge_inference_demo"
version = "0.1.0"
dependencies = [
 "ai_runtime",
 "federated",
 "rvv_simd",
 "turbo_quant",
]

[[package]]
name = "energy_scheduler"
version = "0.1.0"
dependencies = [
 "kernel_types",
]

[[package]]
name = "esp4"
version = "10.7.0"
dependencies = [
 "kernel_types",
 "libc",
]

[[package]]
name = "esp4_offload"
version = "10.7.0"
dependencies = [
 "kernel_types",
 "libc",
]

[[package]]
name = "esp6"
version = "10.7.0"
dependencies = [
 "kernel_types",
 "libc",
]

[[package]]
name = "esp6_offload"
version = "10.7.0"
dependencies = [
 "kernel_types",
 "libc",
]

[[package]]
name = "eventfd"
version = "0.4.0"
dependencies = [
 "kernel_types",
 "libc",
]

[[package]]
name = "exec"
version = "0.4.0"
dependencies = [
 "kernel_types",
 "libc",
]

[[package]]
name = "exec_domain"
version = "0.4.0"
dependencies = [
 "kernel_types",
 "libc",
]

[[package]]
name = "exit"
version = "0.4.0"
dependencies = [
 "kernel_types",
 "libc",
]

[[package]]
name = "ext4_balloc"
version = "0.4.0"
dependencies = [
 "kernel_types",
 "libc",
]

[[package]]
name = "ext4_extents"
version = "0.4.0"
dependencies = [
 "kernel_types",
 "libc",
]

[[package]]
name = "ext4_file"
version = "0.4.0"
dependencies = [
 "kernel_types",
 "libc",
]

[[package]]
name = "ext4_inode"
version = "0.4.0"
dependencies = [
 "kernel_types",
 "libc",
]

[[package]]
name = "ext4_super"
version = "0.4.0"
dependencies = [
 "kernel_types",
 "libc",
]

[[package]]
name = "exthdrs"
version = "10.7.0"
dependencies = [
 "kernel_types",
 "libc",
]

[[package]]
name = "exthdrs_core"
version = "10.7.0"
dependencies = [
 "kernel_types",
 "libc",
]

[[package]]
name = "exthdrs_offload"
version = "10.7.0"
dependencies = [
 "kernel_types",
 "libc",
]

[[package]]
name = "federated"
version = "0.1.0"
dependencies = [
 "ai_runtime",
]

[[package]]
name = "fib6_notifier"
version = "10.7.0"
dependencies = [
 "kernel_types",
 "libc",
]

[[package]]
name = "fib6_rules"
version = "10.7.0"
dependencies = [
 "kernel_types",
 "libc",
]

[[package]]
name = "fib_frontend"
version = "10.7.0"
dependencies = [
 "kernel_types",
 "libc",
]

[[package]]
name = "fib_notifier"
version = "10.7.0"
dependencies = [
 "kernel_types",
 "libc",
]

[[package]]
name = "fib_rules"
version = "10.7.0"
dependencies = [
 "kernel_types",
 "libc",
]

[[package]]
name = "fib_semantics"
version = "10.7.0"
dependencies = [
 "kernel_types",
 "libc",
]

[[package]]
name = "fib_trie"
version = "10.7.0"
dependencies = [
 "kernel_types",
 "libc",
]

[[package]]
name = "fifo"
version = "0.4.0"
dependencies = [
 "kernel_types",
 "libc",
]

[[package]]
name = "firewall_replay"
version = "0.1.0"
dependencies = [
 "ai_detector",
 "ebpf_firewall",
]

[[package]]
name = "fork"
version = "0.4.0"
dependencies = [
 "kernel_types",
 "libc",
]

[[package]]
name = "fou"
version = "10.7.0"
dependencies = [
 "kernel_types",
 "libc",
]

[[package]]
name = "fou6"
version = "10.7.0"
dependencies = [
 "kernel_types",
 "libc",
]

[[package]]
name = "gpu_gds"
version = "10.7.0"
dependencies = [
 "gpu_types",
]

[[package]]
name = "gpu_ioctl"
version = "10.7.0"
dependencies = [
 "drm_core",
 "gpu_memory",
 "gpu_types",
]

[[package]]
name = "gpu_memory"
version = "10.7.0"
dependencies = [
 "gpu_types",
 "iommu_vtd",
]

[[package]]
name = "gpu_scheduler"
version = "10.7.0"
dependencies = [
 "gpu_types",
]

[[package]]
name = "gpu_types"
version = "0.1.0"
dependencies = [
 "kernel_types",
]

[[package]]
name = "gre_demux"
version = "10.7.0"
dependencies = [
 "kernel_types",
 "libc",
]

[[package]]
name = "gre_offload"
version = "10.7.0"
dependencies = [
 "kernel_types",
 "libc",
]

[[package]]
name = "icmp"
version = "10.7.0"
dependencies = [
 "kernel_types",
 "libc",
]

[[package]]
name = "idr"
version = "0.4.0"
dependencies = [
 "kernel_types",
 "libc",
]

[[package]]
name = "igmp"
version = "10.7.0"
dependencies = [
 "kernel_types",
 "libc",
]

[[package]]
name = "immutable_logs"
version = "0.1.0"
dependencies = [
 "ebpf_firewall",
 "kernel_types",
]

[[package]]
name = "inet6_connection_sock"
version = "10.7.0"
dependencies = [
 "kernel_types",
 "libc",
]

[[package]]
name = "inet6_hashtables"
version = "10.7.0"
dependencies = [
 "kernel_types",
 "libc",
]

[[package]]
name = "inet_connection_sock"
version = "10.7.0"
dependencies = [
 "kernel_types",
 "libc",
]

[[package]]
name = "init_calibrate"
version = "0.4.0"
dependencies = [
 "kernel_types",
 "libc",
]

[[package]]
name = "init_do_mounts"
version = "0.4.0"
dependencies = [
 "kernel_types",
 "libc",
]

[[package]]
name = "init_initramfs"
version = "0.4.0"
dependencies = [
 "kernel_types",
 "libc",
]

[[package]]
name = "init_main"
version = "0.4.0"
dependencies = [
 "kernel_types",
 "libc",
 "page_alloc",
 "slab",
]

[[package]]
name = "init_mm"
version = "0.4.0"
dependencies = [
 "kernel_types",
 "libc",
]

[[package]]
name = "init_version"
version = "0.4.0"
dependencies = [
 "kernel_types",
 "libc",
]

[[package]]
name = "iommu_vtd"
version = "0.1.0"
dependencies = [
 "gpu_types",
 "kernel_types",
]

[[package]]
name = "ip6_checksum"
version = "10.7.0"
dependencies = [
 "kernel_types",
 "libc",
]

[[package]]
name = "ip6_fib"
version = "10.7.0"
dependencies = [
 "kernel_types",
 "libc",
]

[[package]]
name = "ip6_flowlabel"
version = "10.7.0"
dependencies = [
 "kernel_types",
 "libc",
]

[[package]]
name = "ip6_gre"
version = "10.7.0"
dependencies = [
 "kernel_types",
 "libc",
]

[[package]]
name = "ip6_icmp"
version = "10.7.0"
dependencies = [
 "kernel_types",
 "libc",
]

[[package]]
name = "ip6_input"
version = "10.7.0"
dependencies = [
 "kernel_types",
 "libc",
]

[[package]]
name = "ip6_offload"
version = "10.7.0"
dependencies = [
 "kernel_types",
 "libc",
]

[[package]]
name = "ip6_output"
version = "10.7.0"
dependencies = [
 "kernel_types",
 "libc",
]

[[package]]
name = "ip6_tunnel"
version = "10.7.0"
dependencies = [
 "kernel_types",
 "libc",
]

[[package]]
name = "ip6_udp_tunnel"
version = "10.7.0"
dependencies = [
 "kernel_types",
 "libc",
]

[[package]]
name = "ip6_vti"
version = "10.7.0"
dependencies = [
 "kernel_types",
 "libc",
]

[[package]]
name = "ip6mr"
version = "10.7.0"
dependencies = [
 "kernel_types",
 "libc",
]

[[package]]
name = "ipc_mqueue"
version = "0.4.0"
dependencies = [
 "kernel_types",
 "libc",
]

[[package]]
name = "ipc_msg"
version = "0.4.0"
dependencies = [
 "kernel_types",
 "libc",
]

[[package]]
name = "ipc_sem"
version = "0.4.0"
dependencies = [
 "kernel_types",
 "libc",
]

[[package]]
name = "ipc_shm"
version = "0.4.0"
dependencies = [
 "kernel_types",
 "libc",
]

[[package]]
name = "ipcomp6"
version = "10.7.0"
dependencies = [
 "kernel_types",
 "libc",
]

[[package]]
name = "ipv6_sockglue"
version = "10.7.0"
dependencies = [
 "kernel_types",
 "libc",
]

[[package]]
name = "irq_chip"
version = "0.4.0"
dependencies = [
 "kernel_types",
 "libc",
]

[[package]]
name = "irq_handle"
version = "0.4.0"
dependencies = [
 "kernel_types",
 "libc",
]

[[package]]
name = "irq_manage"
version = "0.4.0"
dependencies = [
 "kernel_types",
 "libc",
]

[[package]]
name = "kasan"
version = "0.4.0"
dependencies = [
 "kernel_types",
 "libc",
]

[[package]]
name = "kernel_tests"
version = "10.7.0"
dependencies = [
 "arp",
 "kernel_types",
 "tcp_ipv6",
]

[[package]]
name = "kernel_types"
version = "0.1.0"
dependencies = [
 "builtin",
 "builtin_macros",
]

[[package]]
name = "kfifo"
version = "0.4.0"
dependencies = [
 "kernel_types",
 "libc",
]

[[package]]
name = "klist"
version = "0.4.0"
dependencies = [
 "kernel_types",
 "libc",
]

[[package]]
name = "kobject"
version = "0.4.0"
dependencies = [
 "kernel_types",
 "libc",
]

[[package]]
name = "kref"
version = "0.4.0"
dependencies = [
 "kernel_types",
 "libc",
]

[[package]]
name = "kthread"
version = "0.4.0"
dependencies = [
 "kernel_types",
 "libc",
]

[[package]]
name = "laya_firewall"
version = "0.1.0"
dependencies = [
 "kernel_types",
]

[[package]]
name = "libc"
version = "0.2.186"
source = "registry+https://github.com/rust-lang/crates.io-index"
checksum = "68ab91017fe16c622486840e4c83c9a37afeff978bd239b5293d61ece587de66"

[[package]]
name = "locks"
version = "0.4.0"
dependencies = [
 "kernel_types",
 "libc",
]

[[package]]
name = "mcast"
version = "10.7.0"
dependencies = [
 "kernel_types",
 "libc",
]

[[package]]
name = "mcast_snoop"
version = "10.7.0"
dependencies = [
 "kernel_types",
 "libc",
]

[[package]]
name = "memblock"
version = "0.4.0"
dependencies = [
 "kernel_types",
 "libc",
]

[[package]]
name = "mempool"
version = "0.4.0"
dependencies = [
 "kernel_types",
 "libc",
]

[[package]]
name = "micro_kernel_demo"
version = "0.1.0"
dependencies = [
 "kernel_types",
]

[[package]]
name = "migrate"
version = "0.4.0"
dependencies = [
 "kernel_types",
 "libc",
]

[[package]]
name = "mip6"
version = "10.7.0"
dependencies = [
 "kernel_types",
 "libc",
]

[[package]]
name = "mlock"
version = "0.4.0"
dependencies = [
 "kernel_types",
 "libc",
]

[[package]]
name = "mmap"
version = "0.4.0"
dependencies = [
 "kernel_types",
 "libc",
]

[[package]]
name = "module_core"
version = "0.4.0"
dependencies = [
 "kernel_types",
 "libc",
]

[[package]]
name = "mprotect"
version = "0.4.0"
dependencies = [
 "kernel_types",
 "libc",
]

[[package]]
name = "mremap"
version = "0.4.0"
dependencies = [
 "kernel_types",
 "libc",
]

[[package]]
name = "munmap"
version = "0.4.0"
dependencies = [
 "kernel_types",
 "libc",
]

[[package]]
name = "ndisc"
version = "10.7.0"
dependencies = [
 "kernel_types",
 "libc",
]

[[package]]
name = "net_ici"
version = "10.7.0"

[[package]]
name = "netfilter"
version = "10.7.0"
dependencies = [
 "ebpf_firewall",
 "kernel_types",
 "libc",
]

[[package]]
name = "nf_conncount"
version = "10.7.0"
dependencies = [
 "kernel_types",
 "libc",
]

[[package]]
name = "nf_conntrack_acct"
version = "10.7.0"
dependencies = [
 "kernel_types",
 "libc",
]

[[package]]
name = "nf_conntrack_amanda"
version = "10.7.0"
dependencies = [
 "kernel_types",
 "libc",
]

[[package]]
name = "nf_conntrack_broadcast"
version = "10.7.0"
dependencies = [
 "kernel_types",
 "libc",
]

[[package]]
name = "nf_conntrack_core"
version = "10.7.0"
dependencies = [
 "kernel_types",
 "libc",
]

[[package]]
name = "nf_conntrack_ecache"
version = "10.7.0"
dependencies = [
 "kernel_types",
 "libc",
]

[[package]]
name = "nf_conntrack_expect"
version = "10.7.0"
dependencies = [
 "kernel_types",
 "libc",
]

[[package]]
name = "nf_conntrack_extend"
version = "10.7.0"
dependencies = [
 "kernel_types",
 "libc",
]

[[package]]
name = "nf_conntrack_ftp"
version = "10.7.0"
dependencies = [
 "kernel_types",
 "libc",
]

[[package]]
name = "nf_conntrack_h323_asn1"
version = "10.7.0"
dependencies = [
 "kernel_types",
 "libc",
]

[[package]]
name = "nf_conntrack_h323_main"
version = "10.7.0"
dependencies = [
 "kernel_types",
 "libc",
]

[[package]]
name = "nf_conntrack_helper"
version = "10.7.0"
dependencies = [
 "kernel_types",
 "libc",
]

[[package]]
name = "nf_conntrack_irc"
version = "10.7.0"
dependencies = [
 "kernel_types",
 "libc",
]

[[package]]
name = "nf_conntrack_netbios_ns"
version = "10.7.0"
dependencies = [
 "kernel_types",
 "libc",
]

[[package]]
name = "nf_conntrack_netlink"
version = "10.7.0"
dependencies = [
 "kernel_types",
 "libc",
]

[[package]]
name = "nf_conntrack_pptp"
version = "10.7.0"
dependencies = [
 "kernel_types",
 "libc",
]

[[package]]
name = "nf_conntrack_proto"
version = "10.7.0"
dependencies = [
 "kernel_types",
 "libc",
]

[[package]]
name = "nf_conntrack_proto_dccp"
version = "10.7.0"
dependencies = [
 "kernel_types",
 "libc",
]

[[package]]
name = "nf_conntrack_proto_generic"
version = "10.7.0"
dependencies = [
 "kernel_types",
 "libc",
]

[[package]]
name = "nf_conntrack_proto_gre"
version = "10.7.0"
dependencies = [
 "kernel_types",
 "libc",
]

[[package]]
name = "nf_conntrack_proto_icmp"
version = "10.7.0"
dependencies = [
 "kernel_types",
 "libc",
]

[[package]]
name = "nf_conntrack_proto_icmpv6"
version = "10.7.0"
dependencies = [
 "kernel_types",
 "libc",
]

[[package]]
name = "nf_conntrack_proto_sctp"
version = "10.7.0"
dependencies = [
 "kernel_types",
 "libc",
]

[[package]]
name = "nf_conntrack_proto_tcp"
version = "10.7.0"
dependencies = [
 "kernel_types",
 "libc",
]

[[package]]
name = "nf_conntrack_proto_udp"
version = "10.7.0"
dependencies = [
 "kernel_types",
 "libc",
]

[[package]]
name = "nf_conntrack_sane"
version = "10.7.0"
dependencies = [
 "kernel_types",
 "libc",
]

[[package]]
name = "nf_conntrack_seqadj"
version = "10.7.0"
dependencies = [
 "kernel_types",
 "libc",
]

[[package]]
name = "nf_conntrack_sip"
version = "10.7.0"
dependencies = [
 "kernel_types",
 "libc",
]

[[package]]
name = "nf_conntrack_snmp"
version = "10.7.0"
dependencies = [
 "kernel_types",
 "libc",
]

[[package]]
name = "nf_conntrack_standalone"
version = "10.7.0"
dependencies = [
 "kernel_types",
 "libc",
]

[[package]]
name = "nf_conntrack_tftp"
version = "10.7.0"
dependencies = [
 "kernel_types",
 "libc",
]

[[package]]
name = "nf_conntrack_timeout"
version = "10.7.0"
dependencies = [
 "kernel_types",
 "libc",
]

[[package]]
name = "nf_conntrack_timestamp"
version = "10.7.0"
dependencies = [
 "kernel_types",
 "libc",
]

[[package]]
name = "nf_dup_netdev"
version = "10.7.0"
dependencies = [
 "kernel_types",
 "libc",
]

[[package]]
name = "nf_flow_table_inet"
version = "10.7.0"
dependencies = [
 "kernel_types",
 "libc",
]

[[package]]
name = "nf_log"
version = "10.7.0"
dependencies = [
 "kernel_types",
 "libc",
]

[[package]]
name = "nf_log_syslog"
version = "10.7.0"
dependencies = [
 "kernel_types",
 "libc",
]

[[package]]
name = "nf_nat_amanda"
version = "10.7.0"
dependencies = [
 "kernel_types",
 "libc",
]

[[package]]
name = "nf_nat_core"
version = "10.7.0"
dependencies = [
 "kernel_types",
 "libc",
]

[[package]]
name = "nf_nat_ftp"
version = "10.7.0"
dependencies = [
 "kernel_types",
 "libc",
]

[[package]]
name = "nf_nat_helper"
version = "10.7.0"
dependencies = [
 "kernel_types",
 "libc",
]

[[package]]
name = "nf_nat_irc"
version = "10.7.0"
dependencies = [
 "kernel_types",
 "libc",
]

[[package]]
name = "nf_nat_masquerade"
version = "10.7.0"
dependencies = [
 "kernel_types",
 "libc",
]

[[package]]
name = "nf_nat_proto"
version = "10.7.0"
dependencies = [
 "kernel_types",
 "libc",
]

[[package]]
name = "notifier"
version = "0.4.0"
dependencies = [
 "kernel_types",
 "libc",
]

[[package]]
name = "oom_kill"
version = "0.4.0"
dependencies = [
 "kernel_types",
 "libc",
]

[[package]]
name = "output_core"
version = "10.7.0"
dependencies = [
 "kernel_types",
 "libc",
]

[[package]]
name = "page_alloc"
version = "0.4.0"
dependencies = [
 "kernel_types",
 "libc",
]

[[package]]
name = "page_io"
version = "0.4.0"
dependencies = [
 "kernel_types",
 "libc",
]

[[package]]
name = "page_owner"
version = "0.4.0"
dependencies = [
 "kernel_types",
 "libc",
]

[[package]]
name = "page_table"
version = "0.4.0"
dependencies = [
 "kernel_types",
]

[[package]]
name = "panic"
version = "0.4.0"
dependencies = [
 "kernel_types",
 "libc",
]

[[package]]
name = "params"
version = "0.4.0"
dependencies = [
 "kernel_types",
 "libc",
]

[[package]]
name = "pci_probe_userspace"
version = "0.1.0"
dependencies = [
 "driver_pci_access",
 "driver_pci_core",
 "driver_pci_probe",
 "kernel_types",
 "libc",
]

[[package]]
name = "percpu"
version = "0.4.0"
dependencies = [
 "kernel_types",
 "libc",
]

[[package]]
name = "ping"
version = "10.7.0"
dependencies = [
 "kernel_types",
 "libc",
]

[[package]]
name = "pipe"
version = "0.4.0"
dependencies = [
 "kernel_types",
 "libc",
]

[[package]]
name = "printk"
version = "0.4.0"
dependencies = [
 "kernel_types",
 "libc",
]

[[package]]
name = "proc_base"
version = "0.4.0"
dependencies = [
 "kernel_types",
 "libc",
]

[[package]]
name = "proc_generic"
version = "0.4.0"
dependencies = [
 "kernel_types",
 "libc",
]

[[package]]
name = "ptrace"
version = "0.4.0"
dependencies = [
 "kernel_types",
 "libc",
]

[[package]]
name = "qemu_harness"
version = "0.1.0"
dependencies = [
 "icmp",
 "ip6_input",
 "ip6_output",
 "ipv6_sockglue",
 "kernel_types",
 "udp",
]

[[package]]
name = "quantum_ltn"
version = "0.1.0"
dependencies = [
 "ai_runtime",
 "kernel_types",
 "sched_fair",
 "turbo_quant",
]

[[package]]
name = "radix_tree"
version = "0.4.0"
dependencies = [
 "kernel_types",
 "libc",
]

[[package]]
name = "raw"
version = "10.7.0"
dependencies = [
 "kernel_types",
 "libc",
]

[[package]]
name = "rbtree"
version = "0.4.0"
dependencies = [
 "kernel_types",
 "libc",
]

[[package]]
name = "reassembly"
version = "10.7.0"
dependencies = [
 "kernel_types",
 "libc",
]

[[package]]
name = "riscv_qemu_harness"
version = "0.1.0"
dependencies = [
 "kernel_types",
 "runux_riscv64",
]

[[package]]
name = "rmap"
version = "0.4.0"
dependencies = [
 "kernel_types",
 "libc",
]

[[package]]
name = "route"
version = "10.7.0"
dependencies = [
 "kernel_types",
 "libc",
]

[[package]]
name = "rpl"
version = "10.7.0"
dependencies = [
 "kernel_types",
 "libc",
]

[[package]]
name = "runux_aarch64"
version = "0.1.0"
dependencies = [
 "kernel_types",
]

[[package]]
name = "runux_riscv64"
version = "0.1.0"
dependencies = [
 "kernel_types",
]

[[package]]
name = "rvv_simd"
version = "0.1.0"
dependencies = [
 "ai_runtime",
]

[[package]]
name = "sched_core"
version = "0.4.0"
dependencies = [
 "kernel_types",
 "libc",
]

[[package]]
name = "sched_fair"
version = "0.4.0"
dependencies = [
 "kernel_types",
 "libc",
]

[[package]]
name = "sched_idle"
version = "0.4.0"
dependencies = [
 "kernel_types",
 "libc",
]

[[package]]
name = "sched_wait"
version = "0.4.0"
dependencies = [
 "kernel_types",
 "libc",
]

[[package]]
name = "security_commoncap"
version = "0.4.0"
dependencies = [
 "kernel_types",
 "libc",
]

[[package]]
name = "security_keyring"
version = "0.4.0"
dependencies = [
 "kernel_types",
 "libc",
]

[[package]]
name = "security_keys"
version = "0.4.0"
dependencies = [
 "kernel_types",
 "libc",
]

[[package]]
name = "seg6"
version = "10.7.0"
dependencies = [
 "kernel_types",
 "libc",
]

[[package]]
name = "seg6_hmac"
version = "10.7.0"
dependencies = [
 "kernel_types",
 "libc",
]

[[package]]
name = "seg6_iptunnel"
version = "10.7.0"
dependencies = [
 "kernel_types",
 "libc",
]

[[package]]
name = "seg6_local"
version = "10.7.0"
dependencies = [
 "kernel_types",
 "libc",
]

[[package]]
name = "seq_file"
version = "0.4.0"
dependencies = [
 "kernel_types",
 "libc",
]

[[package]]
name = "signal"
version = "0.4.0"
dependencies = [
 "kernel_types",
 "libc",
]

[[package]]
name = "signalfd"
version = "0.4.0"
dependencies = [
 "kernel_types",
 "libc",
]

[[package]]
name = "sit"
version = "10.7.0"
dependencies = [
 "kernel_types",
 "libc",
]

[[package]]
name = "slab"
version = "0.4.0"
dependencies = [
 "kernel_types",
 "libc",
]

[[package]]
name = "slub"
version = "0.4.0"
dependencies = [
 "kernel_types",
 "libc",
]

[[package]]
name = "softirq"
version = "0.4.0"
dependencies = [
 "kernel_types",
 "libc",
]

[[package]]
name = "string"
version = "0.4.0"
dependencies = [
 "kernel_types",
 "libc",
]

[[package]]
name = "swap"
version = "0.4.0"
dependencies = [
 "kernel_types",
 "libc",
]

[[package]]
name = "swapfile"
version = "0.4.0"
dependencies = [
 "kernel_types",
 "libc",
]

[[package]]
name = "syncookies"
version = "10.7.0"
dependencies = [
 "kernel_types",
 "libc",
]

[[package]]
name = "sys_access"
version = "0.4.0"
dependencies = [
 "kernel_types",
 "libc",
]

[[package]]
name = "sys_brk"
version = "0.4.0"
dependencies = [
 "kernel_types",
 "libc",
]

[[package]]
name = "sys_chdir"
version = "0.4.0"
dependencies = [
 "kernel_types",
 "libc",
]

[[package]]
name = "sys_close"
version = "0.4.0"
dependencies = [
 "kernel_types",
 "libc",
]

[[package]]
name = "sys_dup"
version = "0.4.0"
dependencies = [
 "kernel_types",
 "libc",
]

[[package]]
name = "sys_exec"
version = "0.4.0"
dependencies = [
 "ebpf_firewall",
 "kernel_types",
 "libc",
 "syscall_table",
]

[[package]]
name = "sys_exit"
version = "0.4.0"
dependencies = [
 "kernel_types",
 "libc",
]

[[package]]
name = "sys_fcntl"
version = "0.4.0"
dependencies = [
 "kernel_types",
 "libc",
]

[[package]]
name = "sys_fork"
version = "0.4.0"
dependencies = [
 "ebpf_firewall",
 "kernel_types",
 "libc",
 "syscall_table",
]

[[package]]
name = "sys_fs"
version = "0.4.0"
dependencies = [
 "kernel_types",
 "libc",
]

[[package]]
name = "sys_getpid"
version = "0.4.0"
dependencies = [
 "kernel_types",
 "libc",
]

[[package]]
name = "sys_getuid"
version = "0.4.0"
dependencies = [
 "kernel_types",
 "libc",
]

[[package]]
name = "sys_ioctl"
version = "0.4.0"
dependencies = [
 "kernel_types",
 "libc",
]

[[package]]
name = "sys_ipc"
version = "0.4.0"
dependencies = [
 "kernel_types",
 "libc",
]

[[package]]
name = "sys_kill"
version = "0.4.0"
dependencies = [
 "kernel_types",
 "libc",
]

[[package]]
name = "sys_memory"
version = "0.4.0"
dependencies = [
 "kernel_types",
 "libc",
]

[[package]]
name = "sys_mmap"
version = "0.4.0"
dependencies = [
 "kernel_types",
 "libc",
 "syscall_table",
]

[[package]]
name = "sys_munmap"
version = "0.4.0"
dependencies = [
 "kernel_types",
 "libc",
]

[[package]]
name = "sys_open"
version = "0.4.0"
dependencies = [
 "kernel_types",
 "libc",
]

[[package]]
name = "sys_pipe"
version = "0.4.0"
dependencies = [
 "kernel_types",
 "libc",
]

[[package]]
name = "sys_process"
version = "0.4.0"
dependencies = [
 "kernel_types",
 "libc",
]

[[package]]
name = "sys_read"
version = "0.4.0"
dependencies = [
 "kernel_types",
 "libc",
]

[[package]]
name = "sys_signal"
version = "0.4.0"
dependencies = [
 "kernel_types",
 "libc",
]

[[package]]
name = "sys_socket"
version = "0.4.0"
dependencies = [
 "kernel_types",
 "libc",
]

[[package]]
name = "sys_stat"
version = "0.4.0"
dependencies = [
 "kernel_types",
 "libc",
]

[[package]]
name = "sys_time"
version = "0.4.0"
dependencies = [
 "kernel_types",
 "libc",
]

[[package]]
name = "sys_umask"
version = "0.4.0"
dependencies = [
 "kernel_types",
 "libc",
]

[[package]]
name = "sys_wait"
version = "0.4.0"
dependencies = [
 "kernel_types",
 "libc",
]

[[package]]
name = "sys_write"
version = "0.4.0"
dependencies = [
 "kernel_types",
 "libc",
]

[[package]]
name = "syscall_table"
version = "0.4.0"
dependencies = [
 "ai_detector",
 "ebpf_firewall",
 "immutable_logs",
 "kernel_types",
 "libc",
]

[[package]]
name = "sysctl_net_ipv6"
version = "10.7.0"
dependencies = [
 "kernel_types",
 "libc",
]

[[package]]
name = "sysfs_dir"
version = "0.4.0"
dependencies = [
 "kernel_types",
 "libc",
]

[[package]]
name = "sysfs_file"
version = "0.4.0"
dependencies = [
 "kernel_types",
 "libc",
]

[[package]]
name = "t_ring"
version = "10.7.0"

[[package]]
name = "taskstats"
version = "0.4.0"
dependencies = [
 "kernel_types",
 "libc",
]

[[package]]
name = "tcp_ipv6"
version = "10.7.0"
dependencies = [
 "kernel_types",
 "libc",
]

[[package]]
name = "tcpv6_offload"
version = "10.7.0"
dependencies = [
 "kernel_types",
 "libc",
]

[[package]]
name = "time_alarmtimer"
version = "0.4.0"
dependencies = [
 "kernel_types",
 "libc",
]

[[package]]
name = "time_clocksource"
version = "0.4.0"
dependencies = [
 "kernel_types",
 "libc",
]

[[package]]
name = "time_hrtimer"
version = "0.4.0"
dependencies = [
 "kernel_types",
 "libc",
]

[[package]]
name = "time_ntp"
version = "0.4.0"
dependencies = [
 "kernel_types",
 "libc",
]

[[package]]
name = "time_posix_timers"
version = "0.4.0"
dependencies = [
 "kernel_types",
 "libc",
]

[[package]]
name = "time_tick"
version = "0.4.0"
dependencies = [
 "kernel_types",
 "libc",
]

[[package]]
name = "time_timekeeping"
version = "0.4.0"
dependencies = [
 "kernel_types",
 "libc",
]

[[package]]
name = "time_timer"
version = "0.4.0"
dependencies = [
 "kernel_types",
 "libc",
]

[[package]]
name = "timerfd"
version = "0.4.0"
dependencies = [
 "kernel_types",
 "libc",
]

[[package]]
name = "tpu_vma"
version = "10.7.0"

[[package]]
name = "tunnel6"
version = "10.7.0"
dependencies = [
 "kernel_types",
 "libc",
]

[[package]]
name = "turbo_quant"
version = "0.1.0"
dependencies = [
 "ai_runtime",
]

[[package]]
name = "udp"
version = "10.7.0"
dependencies = [
 "kernel_types",
 "libc",
]

[[package]]
name = "udp_offload"
version = "10.7.0"
dependencies = [
 "kernel_types",
 "libc",
]

[[package]]
name = "udplite"
version = "10.7.0"
dependencies = [
 "kernel_types",
 "libc",
]

[[package]]
name = "util"
version = "0.4.0"
dependencies = [
 "kernel_types",
 "libc",
]

[[package]]
name = "vfs_dcache"
version = "0.4.0"
dependencies = [
 "kernel_types",
 "libc",
]

[[package]]
name = "vfs_file"
version = "0.4.0"
dependencies = [
 "kernel_types",
 "libc",
]

[[package]]
name = "vfs_inode"
version = "0.4.0"
dependencies = [
 "kernel_types",
 "libc",
]

[[package]]
name = "vfs_namei"
version = "0.4.0"
dependencies = [
 "kernel_types",
 "libc",
]

[[package]]
name = "vfs_open"
version = "0.4.0"
dependencies = [
 "kernel_types",
 "libc",
]

[[package]]
name = "vfs_read_write"
version = "0.4.0"
dependencies = [
 "kernel_types",
 "libc",
]

[[package]]
name = "vfs_super"
version = "0.4.0"
dependencies = [
 "kernel_types",
 "libc",
]

[[package]]
name = "vmalloc"
version = "0.4.0"
dependencies = [
 "kernel_types",
]

[[package]]
name = "vmscan"
version = "0.4.0"
dependencies = [
 "kernel_types",
 "libc",
]

[[package]]
name = "vsprintf"
version = "0.4.0"
dependencies = [
 "kernel_types",
 "libc",
]

[[package]]
name = "workqueue"
version = "0.4.0"
dependencies = [
 "kernel_types",
 "libc",
]

[[package]]
name = "xfrm6_input"
version = "10.7.0"
dependencies = [
 "kernel_types",
 "libc",
]

[[package]]
name = "xfrm6_output"
version = "10.7.0"
dependencies = [
 "kernel_types",
 "libc",
]

[[package]]
name = "xfrm6_policy"
version = "10.7.0"
dependencies = [
 "kernel_types",
 "libc",
]

[[package]]
name = "xfrm6_protocol"
version = "10.7.0"
dependencies = [
 "kernel_types",
 "libc",
]

[[package]]
name = "xfrm6_state"
version = "10.7.0"
dependencies = [
 "kernel_types",
 "libc",
]

[[package]]
name = "xfrm6_tunnel"
version = "10.7.0"
dependencies = [
 "kernel_types",
 "libc",
]
