# This file is automatically @generated by Cargo.
# It is not intended for manual editing.
version = 4

[[package]]
name = "driver_pci_access"
version = "0.4.0"
dependencies = [
 "driver_pci_core",
 "kernel_types",
]

[[package]]
name = "driver_pci_core"
version = "0.4.0"
dependencies = [
 "kernel_types",
]

[[package]]
name = "driver_pci_probe"
version = "0.4.0"
dependencies = [
 "driver_pci_access",
 "driver_pci_core",
 "kernel_types",
]

[[package]]
name = "kernel_types"
version = "0.1.0"

[[package]]
name = "x86_64_qemu_harness"
version = "0.1.0"
dependencies = [
 "driver_pci_access",
 "driver_pci_core",
 "driver_pci_probe",
 "kernel_types",
]
